
Microsoft Visual Studio Solution File, Format Version 12.00
# Visual Studio 15
Project("{FAE04EC0-301F-11D3-BF4B-00C04F79EFBC}") = "Assembly-CSharp", "Assembly-CSharp.csproj", "{479226F3-D1C4-81FA-577A-0BE45181707E}"
EndProject
Project("{FAE04EC0-301F-11D3-BF4B-00C04F79EFBC}") = "Assembly-CSharp-firstpass", "Assembly-CSharp-firstpass.csproj", "{C7B73C83-A261-4D58-45C5-D53AF0AC5A26}"
EndProject
Project("{FAE04EC0-301F-11D3-BF4B-00C04F79EFBC}") = "Unity.Passport.UI", "Unity.Passport.UI.csproj", "{B8ADEA58-27CB-EF69-B097-D1B7313C4ECF}"
EndProject
Project("{FAE04EC0-301F-11D3-BF4B-00C04F79EFBC}") = "PhotonRealtime", "PhotonRealtime.csproj", "{9635516D-8165-9A97-E887-63E2B76FEEA6}"
EndProject
Project("{FAE04EC0-301F-11D3-BF4B-00C04F79EFBC}") = "PhotonUnityNetworking", "PhotonUnityNetworking.csproj", "{8B3667AB-7E1B-8885-2778-AAD0BA8EBD65}"
EndProject
Project("{FAE04EC0-301F-11D3-BF4B-00C04F79EFBC}") = "PhotonUnityNetworking.Utilities", "PhotonUnityNetworking.Utilities.csproj", "{9DB6C5AE-F02B-A286-234F-36C92EB11096}"
EndProject
Project("{FAE04EC0-301F-11D3-BF4B-00C04F79EFBC}") = "Unity.UOS.Encrypt", "Unity.UOS.Encrypt.csproj", "{A9C7D00D-C820-221E-AA74-839C27D66598}"
EndProject
Project("{FAE04EC0-301F-11D3-BF4B-00C04F79EFBC}") = "Wx", "Wx.csproj", "{8808B795-3547-1E81-90D4-04ED57D45FA8}"
EndProject
Project("{FAE04EC0-301F-11D3-BF4B-00C04F79EFBC}") = "Unity.UosCdn.Editor", "Unity.UosCdn.Editor.csproj", "{B1838EF5-03D6-DEC6-53E5-A896B8D45FBD}"
EndProject
Project("{FAE04EC0-301F-11D3-BF4B-00C04F79EFBC}") = "PhotonUnityNetworking.Editor", "PhotonUnityNetworking.Editor.csproj", "{D762597C-B1D5-B35F-2F90-1386781C7A4D}"
EndProject
Project("{FAE04EC0-301F-11D3-BF4B-00C04F79EFBC}") = "Assembly-CSharp-Editor", "Assembly-CSharp-Editor.csproj", "{2F22A7C2-F600-9D52-32A3-BFE982D34157}"
EndProject
Project("{FAE04EC0-301F-11D3-BF4B-00C04F79EFBC}") = "Assembly-CSharp-Editor-firstpass", "Assembly-CSharp-Editor-firstpass.csproj", "{13C92117-B483-DD76-4677-2C735E71DD97}"
EndProject
Project("{FAE04EC0-301F-11D3-BF4B-00C04F79EFBC}") = "PhotonUnityNetworking.Utilities.PhotonPlayer.Editor", "PhotonUnityNetworking.Utilities.PhotonPlayer.Editor.csproj", "{7FADC81A-085E-8C3D-2AF7-1031CD03B1D5}"
EndProject
Project("{FAE04EC0-301F-11D3-BF4B-00C04F79EFBC}") = "WxEditor", "WxEditor.csproj", "{60F6E1BE-4EF0-05BD-B897-A2C5A38F9509}"
EndProject
Project("{FAE04EC0-301F-11D3-BF4B-00C04F79EFBC}") = "PhotonUnityNetworking.Utilities.Culling.Editor", "PhotonUnityNetworking.Utilities.Culling.Editor.csproj", "{96BF893A-586F-2FBE-9F86-49C50A6EC844}"
EndProject
Global
	GlobalSection(SolutionConfigurationPlatforms) = preSolution
		Debug|Any CPU = Debug|Any CPU
		Release|Any CPU = Release|Any CPU
	EndGlobalSection
	GlobalSection(ProjectConfigurationPlatforms) = postSolution
		{479226F3-D1C4-81FA-577A-0BE45181707E}.Debug|Any CPU.ActiveCfg = Debug|Any CPU
		{479226F3-D1C4-81FA-577A-0BE45181707E}.Debug|Any CPU.Build.0 = Debug|Any CPU
		{479226F3-D1C4-81FA-577A-0BE45181707E}.Release|Any CPU.ActiveCfg = Release|Any CPU
		{479226F3-D1C4-81FA-577A-0BE45181707E}.Release|Any CPU.Build.0 = Release|Any CPU
		{C7B73C83-A261-4D58-45C5-D53AF0AC5A26}.Debug|Any CPU.ActiveCfg = Debug|Any CPU
		{C7B73C83-A261-4D58-45C5-D53AF0AC5A26}.Debug|Any CPU.Build.0 = Debug|Any CPU
		{C7B73C83-A261-4D58-45C5-D53AF0AC5A26}.Release|Any CPU.ActiveCfg = Release|Any CPU
		{C7B73C83-A261-4D58-45C5-D53AF0AC5A26}.Release|Any CPU.Build.0 = Release|Any CPU
		{B8ADEA58-27CB-EF69-B097-D1B7313C4ECF}.Debug|Any CPU.ActiveCfg = Debug|Any CPU
		{B8ADEA58-27CB-EF69-B097-D1B7313C4ECF}.Debug|Any CPU.Build.0 = Debug|Any CPU
		{B8ADEA58-27CB-EF69-B097-D1B7313C4ECF}.Release|Any CPU.ActiveCfg = Release|Any CPU
		{B8ADEA58-27CB-EF69-B097-D1B7313C4ECF}.Release|Any CPU.Build.0 = Release|Any CPU
		{9635516D-8165-9A97-E887-63E2B76FEEA6}.Debug|Any CPU.ActiveCfg = Debug|Any CPU
		{9635516D-8165-9A97-E887-63E2B76FEEA6}.Debug|Any CPU.Build.0 = Debug|Any CPU
		{9635516D-8165-9A97-E887-63E2B76FEEA6}.Release|Any CPU.ActiveCfg = Release|Any CPU
		{9635516D-8165-9A97-E887-63E2B76FEEA6}.Release|Any CPU.Build.0 = Release|Any CPU
		{8B3667AB-7E1B-8885-2778-AAD0BA8EBD65}.Debug|Any CPU.ActiveCfg = Debug|Any CPU
		{8B3667AB-7E1B-8885-2778-AAD0BA8EBD65}.Debug|Any CPU.Build.0 = Debug|Any CPU
		{8B3667AB-7E1B-8885-2778-AAD0BA8EBD65}.Release|Any CPU.ActiveCfg = Release|Any CPU
		{8B3667AB-7E1B-8885-2778-AAD0BA8EBD65}.Release|Any CPU.Build.0 = Release|Any CPU
		{9DB6C5AE-F02B-A286-234F-36C92EB11096}.Debug|Any CPU.ActiveCfg = Debug|Any CPU
		{9DB6C5AE-F02B-A286-234F-36C92EB11096}.Debug|Any CPU.Build.0 = Debug|Any CPU
		{9DB6C5AE-F02B-A286-234F-36C92EB11096}.Release|Any CPU.ActiveCfg = Release|Any CPU
		{9DB6C5AE-F02B-A286-234F-36C92EB11096}.Release|Any CPU.Build.0 = Release|Any CPU
		{A9C7D00D-C820-221E-AA74-839C27D66598}.Debug|Any CPU.ActiveCfg = Debug|Any CPU
		{A9C7D00D-C820-221E-AA74-839C27D66598}.Debug|Any CPU.Build.0 = Debug|Any CPU
		{A9C7D00D-C820-221E-AA74-839C27D66598}.Release|Any CPU.ActiveCfg = Release|Any CPU
		{A9C7D00D-C820-221E-AA74-839C27D66598}.Release|Any CPU.Build.0 = Release|Any CPU
		{8808B795-3547-1E81-90D4-04ED57D45FA8}.Debug|Any CPU.ActiveCfg = Debug|Any CPU
		{8808B795-3547-1E81-90D4-04ED57D45FA8}.Debug|Any CPU.Build.0 = Debug|Any CPU
		{8808B795-3547-1E81-90D4-04ED57D45FA8}.Release|Any CPU.ActiveCfg = Release|Any CPU
		{8808B795-3547-1E81-90D4-04ED57D45FA8}.Release|Any CPU.Build.0 = Release|Any CPU
		{B1838EF5-03D6-DEC6-53E5-A896B8D45FBD}.Debug|Any CPU.ActiveCfg = Debug|Any CPU
		{B1838EF5-03D6-DEC6-53E5-A896B8D45FBD}.Debug|Any CPU.Build.0 = Debug|Any CPU
		{B1838EF5-03D6-DEC6-53E5-A896B8D45FBD}.Release|Any CPU.ActiveCfg = Release|Any CPU
		{B1838EF5-03D6-DEC6-53E5-A896B8D45FBD}.Release|Any CPU.Build.0 = Release|Any CPU
		{D762597C-B1D5-B35F-2F90-1386781C7A4D}.Debug|Any CPU.ActiveCfg = Debug|Any CPU
		{D762597C-B1D5-B35F-2F90-1386781C7A4D}.Debug|Any CPU.Build.0 = Debug|Any CPU
		{D762597C-B1D5-B35F-2F90-1386781C7A4D}.Release|Any CPU.ActiveCfg = Release|Any CPU
		{D762597C-B1D5-B35F-2F90-1386781C7A4D}.Release|Any CPU.Build.0 = Release|Any CPU
		{2F22A7C2-F600-9D52-32A3-BFE982D34157}.Debug|Any CPU.ActiveCfg = Debug|Any CPU
		{2F22A7C2-F600-9D52-32A3-BFE982D34157}.Debug|Any CPU.Build.0 = Debug|Any CPU
		{2F22A7C2-F600-9D52-32A3-BFE982D34157}.Release|Any CPU.ActiveCfg = Release|Any CPU
		{2F22A7C2-F600-9D52-32A3-BFE982D34157}.Release|Any CPU.Build.0 = Release|Any CPU
		{13C92117-B483-DD76-4677-2C735E71DD97}.Debug|Any CPU.ActiveCfg = Debug|Any CPU
		{13C92117-B483-DD76-4677-2C735E71DD97}.Debug|Any CPU.Build.0 = Debug|Any CPU
		{13C92117-B483-DD76-4677-2C735E71DD97}.Release|Any CPU.ActiveCfg = Release|Any CPU
		{13C92117-B483-DD76-4677-2C735E71DD97}.Release|Any CPU.Build.0 = Release|Any CPU
		{7FADC81A-085E-8C3D-2AF7-1031CD03B1D5}.Debug|Any CPU.ActiveCfg = Debug|Any CPU
		{7FADC81A-085E-8C3D-2AF7-1031CD03B1D5}.Debug|Any CPU.Build.0 = Debug|Any CPU
		{7FADC81A-085E-8C3D-2AF7-1031CD03B1D5}.Release|Any CPU.ActiveCfg = Release|Any CPU
		{7FADC81A-085E-8C3D-2AF7-1031CD03B1D5}.Release|Any CPU.Build.0 = Release|Any CPU
		{60F6E1BE-4EF0-05BD-B897-A2C5A38F9509}.Debug|Any CPU.ActiveCfg = Debug|Any CPU
		{60F6E1BE-4EF0-05BD-B897-A2C5A38F9509}.Debug|Any CPU.Build.0 = Debug|Any CPU
		{60F6E1BE-4EF0-05BD-B897-A2C5A38F9509}.Release|Any CPU.ActiveCfg = Release|Any CPU
		{60F6E1BE-4EF0-05BD-B897-A2C5A38F9509}.Release|Any CPU.Build.0 = Release|Any CPU
		{96BF893A-586F-2FBE-9F86-49C50A6EC844}.Debug|Any CPU.ActiveCfg = Debug|Any CPU
		{96BF893A-586F-2FBE-9F86-49C50A6EC844}.Debug|Any CPU.Build.0 = Debug|Any CPU
		{96BF893A-586F-2FBE-9F86-49C50A6EC844}.Release|Any CPU.ActiveCfg = Release|Any CPU
		{96BF893A-586F-2FBE-9F86-49C50A6EC844}.Release|Any CPU.Build.0 = Release|Any CPU
	EndGlobalSection
	GlobalSection(SolutionProperties) = preSolution
		HideSolutionNode = FALSE
	EndGlobalSection
EndGlobal
